
Microsoft Visual Studio Solution File, Format Version 12.00
# Visual Studio Version 17
VisualStudioVersion = 17.0.32014.148
MinimumVisualStudioVersion = 10.0.40219.1
Project("{FAE04EC0-301F-11D3-BF4B-00C04F79EFBC}") = "Client", "Client\Client.csproj", "{890B5372-F877-41B6-87FC-4CFAD1BFF986}"
EndProject
Global
	GlobalSection(SolutionConfigurationPlatforms) = preSolution
		Debug|Any CPU = Debug|Any CPU
		Release|Any CPU = Release|Any CPU
	EndGlobalSection
	GlobalSection(ProjectConfigurationPlatforms) = postSolution
		{890B5372-F877-41B6-87FC-4CFAD1BFF986}.Debug|Any CPU.ActiveCfg = Debug|Any CPU
		{890B5372-F877-41B6-87FC-4CFAD1BFF986}.Debug|Any CPU.Build.0 = Debug|Any CPU
		{890B5372-F877-41B6-87FC-4CFAD1BFF986}.Release|Any CPU.ActiveCfg = Release|Any CPU
		{890B5372-F877-41B6-87FC-4CFAD1BFF986}.Release|Any CPU.Build.0 = Release|Any CPU
	EndGlobalSection
	GlobalSection(SolutionProperties) = preSolution
		HideSolutionNode = FALSE
	EndGlobalSection
	GlobalSection(ExtensibilityGlobals) = postSolution
		SolutionGuid = {F4C75FD4-3ACE-449B-8544-A4DFCDD74AC1}
	EndGlobalSection
EndGlobal
